// !$*UTF8*$!
{
	archiveVersion = 1;
	classes = {
	};
	objectVersion = 46;
	objects = {

/* Begin PBXBuildFile section */
		BB98500C1E7FB15F00C511A5 /* AppDelegate.swift in Sources */ = {isa = PBXBuildFile; fileRef = BB98500B1E7FB15F00C511A5 /* AppDelegate.swift */; };
		BB98500E1E7FB15F00C511A5 /* ViewController.swift in Sources */ = {isa = PBXBuildFile; fileRef = BB98500D1E7FB15F00C511A5 /* ViewController.swift */; };
		BB9850111E7FB15F00C511A5 /* Main.storyboard in Resources */ = {isa = PBXBuildFile; fileRef = BB98500F1E7FB15F00C511A5 /* Main.storyboard */; };
		BB9850131E7FB15F00C511A5 /* Assets.xcassets in Resources */ = {isa = PBXBuildFile; fileRef = BB9850121E7FB15F00C511A5 /* Assets.xcassets */; };
		BB9850161E7FB15F00C511A5 /* LaunchScreen.storyboard in Resources */ = {isa = PBXBuildFile; fileRef = BB9850141E7FB15F00C511A5 /* LaunchScreen.storyboard */; };
		BB98501E1E7FB1FE00C511A5 /* DatePickerView.swift in Sources */ = {isa = PBXBuildFile; fileRef = BB98501D1E7FB1FE00C511A5 /* DatePickerView.swift */; };
		BF1A86EE5DF462C8776AF6E0 /* Pods_DatePickerView.framework in Frameworks */ = {isa = PBXBuildFile; fileRef = FBC1ACF9D1386C7D1F0CE18E /* Pods_DatePickerView.framework */; };
/* End PBXBuildFile section */

/* Begin PBXFileReference section */
		393614AE72628261CD47C086 /* Pods-DatePickerView.release.xcconfig */ = {isa = PBXFileReference; includeInIndex = 1; lastKnownFileType = text.xcconfig; name = "Pods-DatePickerView.release.xcconfig"; path = "Target Support Files/Pods-DatePickerView/Pods-DatePickerView.release.xcconfig"; sourceTree = "<group>"; };
		A84862B879BD7E1A4C1EF5F6 /* Pods-DatePickerView.debug.xcconfig */ = {isa = PBXFileReference; includeInIndex = 1; lastKnownFileType = text.xcconfig; name = "Pods-DatePickerView.debug.xcconfig"; path = "Target Support Files/Pods-DatePickerView/Pods-DatePickerView.debug.xcconfig"; sourceTree = "<group>"; };
		BB9850081E7FB15F00C511A5 /* DatePickerView.app */ = {isa = PBXFileReference; explicitFileType = wrapper.application; includeInIndex = 0; path = DatePickerView.app; sourceTree = BUILT_PRODUCTS_DIR; };
		BB98500B1E7FB15F00C511A5 /* AppDelegate.swift */ = {isa = PBXFileReference; lastKnownFileType = sourcecode.swift; path = AppDelegate.swift; sourceTree = "<group>"; };
		BB98500D1E7FB15F00C511A5 /* ViewController.swift */ = {isa = PBXFileReference; lastKnownFileType = sourcecode.swift; path = ViewController.swift; sourceTree = "<group>"; };
		BB9850101E7FB15F00C511A5 /* Base */ = {isa = PBXFileReference; lastKnownFileType = file.storyboard; name = Base; path = Base.lproj/Main.storyboard; sourceTree = "<group>"; };
		BB9850121E7FB15F00C511A5 /* Assets.xcassets */ = {isa = PBXFileReference; lastKnownFileType = folder.assetcatalog; path = Assets.xcassets; sourceTree = "<group>"; };
		BB9850151E7FB15F00C511A5 /* Base */ = {isa = PBXFileReference; lastKnownFileType = file.storyboard; name = Base; path = Base.lproj/LaunchScreen.storyboard; sourceTree = "<group>"; };
		BB9850171E7FB15F00C511A5 /* Info.plist */ = {isa = PBXFileReference; lastKnownFileType = text.plist.xml; path = Info.plist; sourceTree = "<group>"; };
		BB98501D1E7FB1FE00C511A5 /* DatePickerView.swift */ = {isa = PBXFileReference; fileEncoding = 4; lastKnownFileType = sourcecode.swift; path = DatePickerView.swift; sourceTree = "<group>"; };
		FBC1ACF9D1386C7D1F0CE18E /* Pods_DatePickerView.framework */ = {isa = PBXFileReference; explicitFileType = wrapper.framework; includeInIndex = 0; path = Pods_DatePickerView.framework; sourceTree = BUILT_PRODUCTS_DIR; };
/* End PBXFileReference section */

/* Begin PBXFrameworksBuildPhase section */
		BB9850051E7FB15F00C511A5 /* Frameworks */ = {
			isa = PBXFrameworksBuildPhase;
			buildActionMask = 2147483647;
			files = (
				BF1A86EE5DF462C8776AF6E0 /* Pods_DatePickerView.framework in Frameworks */,
			);
			runOnlyForDeploymentPostprocessing = 0;
		};
/* End PBXFrameworksBuildPhase section */

/* Begin PBXGroup section */
		459E761D0F9C8D94FD2865EE /* Frameworks */ = {
			isa = PBXGroup;
			children = (
				FBC1ACF9D1386C7D1F0CE18E /* Pods_DatePickerView.framework */,
			);
			name = Frameworks;
			sourceTree = "<group>";
		};
		BB984FFF1E7FB15F00C511A5 = {
			isa = PBXGroup;
			children = (
				BB98500A1E7FB15F00C511A5 /* DatePickerView */,
				BB9850091E7FB15F00C511A5 /* Products */,
				BBE96476268ABE960BE4101F /* Pods */,
				459E761D0F9C8D94FD2865EE /* Frameworks */,
			);
			sourceTree = "<group>";
		};
		BB9850091E7FB15F00C511A5 /* Products */ = {
			isa = PBXGroup;
			children = (
				BB9850081E7FB15F00C511A5 /* DatePickerView.app */,
			);
			name = Products;
			sourceTree = "<group>";
		};
		BB98500A1E7FB15F00C511A5 /* DatePickerView */ = {
			isa = PBXGroup;
			children = (
				BB98500B1E7FB15F00C511A5 /* AppDelegate.swift */,
				BB98500D1E7FB15F00C511A5 /* ViewController.swift */,
				BB98501D1E7FB1FE00C511A5 /* DatePickerView.swift */,
				BB98500F1E7FB15F00C511A5 /* Main.storyboard */,
				BB9850121E7FB15F00C511A5 /* Assets.xcassets */,
				BB9850141E7FB15F00C511A5 /* LaunchScreen.storyboard */,
				BB9850171E7FB15F00C511A5 /* Info.plist */,
			);
			path = DatePickerView;
			sourceTree = "<group>";
		};
		BBE96476268ABE960BE4101F /* Pods */ = {
			isa = PBXGroup;
			children = (
				A84862B879BD7E1A4C1EF5F6 /* Pods-DatePickerView.debug.xcconfig */,
				393614AE72628261CD47C086 /* Pods-DatePickerView.release.xcconfig */,
			);
			path = Pods;
			sourceTree = "<group>";
		};
/* End PBXGroup section */

/* Begin PBXNativeTarget section */
		BB9850071E7FB15F00C511A5 /* DatePickerView */ = {
			isa = PBXNativeTarget;
			buildConfigurationList = BB98501A1E7FB15F00C511A5 /* Build configuration list for PBXNativeTarget "DatePickerView" */;
			buildPhases = (
				AECA40FBE1B0829B8C9BEE73 /* [CP] Check Pods Manifest.lock */,
				BB9850041E7FB15F00C511A5 /* Sources */,
				BB9850051E7FB15F00C511A5 /* Frameworks */,
				BB9850061E7FB15F00C511A5 /* Resources */,
			);
			buildRules = (
			);
			dependencies = (
			);
			name = DatePickerView;
			productName = DatePickerView;
			productReference = BB9850081E7FB15F00C511A5 /* DatePickerView.app */;
			productType = "com.apple.product-type.application";
		};
/* End PBXNativeTarget section */

/* Begin PBXProject section */
		BB9850001E7FB15F00C511A5 /* Project object */ = {
			isa = PBXProject;
			attributes = {
				LastSwiftUpdateCheck = 0820;
				LastUpgradeCheck = 0820;
				ORGANIZATIONNAME = com.wujh;
				TargetAttributes = {
					BB9850071E7FB15F00C511A5 = {
						CreatedOnToolsVersion = 8.2.1;
						ProvisioningStyle = Automatic;
					};
				};
			};
			buildConfigurationList = BB9850031E7FB15F00C511A5 /* Build configuration list for PBXProject "DatePickerView" */;
			compatibilityVersion = "Xcode 3.2";
			developmentRegion = English;
			hasScannedForEncodings = 0;
			knownRegions = (
				English,
				en,
				Base,
			);
			mainGroup = BB984FFF1E7FB15F00C511A5;
			productRefGroup = BB9850091E7FB15F00C511A5 /* Products */;
			projectDirPath = "";
			projectRoot = "";
			targets = (
				BB9850071E7FB15F00C511A5 /* DatePickerView */,
			);
		};
/* End PBXProject section */

/* Begin PBXResourcesBuildPhase section */
		BB9850061E7FB15F00C511A5 /* Resources */ = {
			isa = PBXResourcesBuildPhase;
			buildActionMask = 2147483647;
			files = (
				BB9850161E7FB15F00C511A5 /* LaunchScreen.storyboard in Resources */,
				BB9850131E7FB15F00C511A5 /* Assets.xcassets in Resources */,
				BB9850111E7FB15F00C511A5 /* Main.storyboard in Resources */,
			);
			runOnlyForDeploymentPostprocessing = 0;
		};
/* End PBXResourcesBuildPhase section */

/* Begin PBXShellScriptBuildPhase section */
		AECA40FBE1B0829B8C9BEE73 /* [CP] Check Pods Manifest.lock */ = {
			isa = PBXShellScriptBuildPhase;
			buildActionMask = 2147483647;
			files = (
			);
			inputFileListPaths = (
			);
			inputPaths = (
				"${PODS_PODFILE_DIR_PATH}/Podfile.lock",
				"${PODS_ROOT}/Manifest.lock",
			);
			name = "[CP] Check Pods Manifest.lock";
			outputFileListPaths = (
			);
			outputPaths = (
				"$(DERIVED_FILE_DIR)/Pods-DatePickerView-checkManifestLockResult.txt",
			);
			runOnlyForDeploymentPostprocessing = 0;
			shellPath = /bin/sh;
			shellScript = "diff \"${PODS_PODFILE_DIR_PATH}/Podfile.lock\" \"${PODS_ROOT}/Manifest.lock\" > /dev/null\nif [ $? != 0 ] ; then\n    # print error to STDERR\n    echo \"error: The sandbox is not in sync with the Podfile.lock. Run 'pod install' or update your CocoaPods installation.\" >&2\n    exit 1\nfi\n# This output is used by Xcode 'outputs' to avoid re-running this script phase.\necho \"SUCCESS\" > \"${SCRIPT_OUTPUT_FILE_0}\"\n";
			showEnvVarsInLog = 0;
		};
/* End PBXShellScriptBuildPhase section */

/* Begin PBXSourcesBuildPhase section */
		BB9850041E7FB15F00C511A5 /* Sources */ = {
			isa = PBXSourcesBuildPhase;
			buildActionMask = 2147483647;
			files = (
				BB98501E1E7FB1FE00C511A5 /* DatePickerView.swift in Sources */,
				BB98500E1E7FB15F00C511A5 /* ViewController.swift in Sources */,
				BB98500C1E7FB15F00C511A5 /* AppDelegate.swift in Sources */,
			);
			runOnlyForDeploymentPostprocessing = 0;
		};
/* End PBXSourcesBuildPhase section */

/* Begin PBXVariantGroup section */
		BB98500F1E7FB15F00C511A5 /* Main.storyboard */ = {
			isa = PBXVariantGroup;
			children = (
				BB9850101E7FB15F00C511A5 /* Base */,
			);
			name = Main.storyboard;
			sourceTree = "<group>";
		};
		BB9850141E7FB15F00C511A5 /* LaunchScreen.storyboard */ = {
			isa = PBXVariantGroup;
			children = (
				BB9850151E7FB15F00C511A5 /* Base */,
			);
			name = LaunchScreen.storyboard;
			sourceTree = "<group>";
		};
/* End PBXVariantGroup section */

/* Begin XCBuildConfiguration section */
		BB9850181E7FB15F00C511A5 /* Debug */ = {
			isa = XCBuildConfiguration;
			buildSettings = {
				ALWAYS_SEARCH_USER_PATHS = NO;
				CLANG_ANALYZER_NONNULL = YES;
				CLANG_CXX_LANGUAGE_STANDARD = "gnu++0x";
				CLANG_CXX_LIBRARY = "libc++";
				CLANG_ENABLE_MODULES = YES;
				CLANG_ENABLE_OBJC_ARC = YES;
				CLANG_WARN_BOOL_CONVERSION = YES;
				CLANG_WARN_CONSTANT_CONVERSION = YES;
				CLANG_WARN_DIRECT_OBJC_ISA_USAGE = YES_ERROR;
				CLANG_WARN_DOCUMENTATION_COMMENTS = YES;
				CLANG_WARN_EMPTY_BODY = YES;
				CLANG_WARN_ENUM_CONVERSION = YES;
				CLANG_WARN_INFINITE_RECURSION = YES;
				CLANG_WARN_INT_CONVERSION = YES;
				CLANG_WARN_OBJC_ROOT_CLASS = YES_ERROR;
				CLANG_WARN_SUSPICIOUS_MOVE = YES;
				CLANG_WARN_UNREACHABLE_CODE = YES;
				CLANG_WARN__DUPLICATE_METHOD_MATCH = YES;
				"CODE_SIGN_IDENTITY[sdk=iphoneos*]" = "iPhone Developer";
				COPY_PHASE_STRIP = NO;
				DEBUG_INFORMATION_FORMAT = dwarf;
				ENABLE_STRICT_OBJC_MSGSEND = YES;
				ENABLE_TESTABILITY = YES;
				GCC_C_LANGUAGE_STANDARD = gnu99;
				GCC_DYNAMIC_NO_PIC = NO;
				GCC_NO_COMMON_BLOCKS = YES;
				GCC_OPTIMIZATION_LEVEL = 0;
				GCC_PREPROCESSOR_DEFINITIONS = (
					"DEBUG=1",
					"$(inherited)",
				);
				GCC_WARN_64_TO_32_BIT_CONVERSION = YES;
				GCC_WARN_ABOUT_RETURN_TYPE = YES_ERROR;
				GCC_WARN_UNDECLARED_SELECTOR = YES;
				GCC_WARN_UNINITIALIZED_AUTOS = YES_AGGRESSIVE;
				GCC_WARN_UNUSED_FUNCTION = YES;
				GCC_WARN_UNUSED_VARIABLE = YES;
				IPHONEOS_DEPLOYMENT_TARGET = 10.2;
				MTL_ENABLE_DEBUG_INFO = YES;
				ONLY_ACTIVE_ARCH = YES;
				SDKROOT = iphoneos;
				SWIFT_ACTIVE_COMPILATION_CONDITIONS = DEBUG;
				SWIFT_OPTIMIZATION_LEVEL = "-Onone";
				TARGETED_DEVICE_FAMILY = "1,2";
			};
			name = Debug;
		};
		BB9850191E7FB15F00C511A5 /* Release */ = {
			isa = XCBuildConfiguration;
			buildSettings = {
				ALWAYS_SEARCH_USER_PATHS = NO;
				CLANG_ANALYZER_NONNULL = YES;
				CLANG_CXX_LANGUAGE_STANDARD = "gnu++0x";
				CLANG_CXX_LIBRARY = "libc++";
				CLANG_ENABLE_MODULES = YES;
				CLANG_ENABLE_OBJC_ARC = YES;
				CLANG_WARN_BOOL_CONVERSION = YES;
				CLANG_WARN_CONSTANT_CONVERSION = YES;
				CLANG_WARN_DIRECT_OBJC_ISA_USAGE = YES_ERROR;
				CLANG_WARN_DOCUMENTATION_COMMENTS = YES;
				CLANG_WARN_EMPTY_BODY = YES;
				CLANG_WARN_ENUM_CONVERSION = YES;
				CLANG_WARN_INFINITE_RECURSION = YES;
				CLANG_WARN_INT_CONVERSION = YES;
				CLANG_WARN_OBJC_ROOT_CLASS = YES_ERROR;
				CLANG_WARN_SUSPICIOUS_MOVE = YES;
				CLANG_WARN_UNREACHABLE_CODE = YES;
				CLANG_WARN__DUPLICATE_METHOD_MATCH = YES;
				"CODE_SIGN_IDENTITY[sdk=iphoneos*]" = "iPhone Developer";
				COPY_PHASE_STRIP = NO;
				DEBUG_INFORMATION_FORMAT = "dwarf-with-dsym";
				ENABLE_NS_ASSERTIONS = NO;
				ENABLE_STRICT_OBJC_MSGSEND = YES;
				GCC_C_LANGUAGE_STANDARD = gnu99;
				GCC_NO_COMMON_BLOCKS = YES;
				GCC_WARN_64_TO_32_BIT_CONVERSION = YES;
				GCC_WARN_ABOUT_RETURN_TYPE = YES_ERROR;
				GCC_WARN_UNDECLARED_SELECTOR = YES;
				GCC_WARN_UNINITIALIZED_AUTOS = YES_AGGRESSIVE;
				GCC_WARN_UNUSED_FUNCTION = YES;
				GCC_WARN_UNUSED_VARIABLE = YES;
				IPHONEOS_DEPLOYMENT_TARGET = 10.2;
				MTL_ENABLE_DEBUG_INFO = NO;
				SDKROOT = iphoneos;
				SWIFT_OPTIMIZATION_LEVEL = "-Owholemodule";
				TARGETED_DEVICE_FAMILY = "1,2";
				VALIDATE_PRODUCT = YES;
			};
			name = Release;
		};
		BB98501B1E7FB15F00C511A5 /* Debug */ = {
			isa = XCBuildConfiguration;
			baseConfigurationReference = A84862B879BD7E1A4C1EF5F6 /* Pods-DatePickerView.debug.xcconfig */;
			buildSettings = {
				ASSETCATALOG_COMPILER_APPICON_NAME = AppIcon;
				DEVELOPMENT_TEAM = "";
				INFOPLIST_FILE = DatePickerView/Info.plist;
				IPHONEOS_DEPLOYMENT_TARGET = 9.0;
				LD_RUNPATH_SEARCH_PATHS = "$(inherited) @executable_path/Frameworks";
				PRODUCT_BUNDLE_IDENTIFIER = jonhory.DatePickerView;
				PRODUCT_NAME = "$(TARGET_NAME)";
				SWIFT_VERSION = 5.0;
			};
			name = Debug;
		};
		BB98501C1E7FB15F00C511A5 /* Release */ = {
			isa = XCBuildConfiguration;
			baseConfigurationReference = 393614AE72628261CD47C086 /* Pods-DatePickerView.release.xcconfig */;
			buildSettings = {
				ASSETCATALOG_COMPILER_APPICON_NAME = AppIcon;
				DEVELOPMENT_TEAM = "";
				INFOPLIST_FILE = DatePickerView/Info.plist;
				IPHONEOS_DEPLOYMENT_TARGET = 9.0;
				LD_RUNPATH_SEARCH_PATHS = "$(inherited) @executable_path/Frameworks";
				PRODUCT_BUNDLE_IDENTIFIER = jonhory.DatePickerView;
				PRODUCT_NAME = "$(TARGET_NAME)";
				SWIFT_VERSION = 5.0;
			};
			name = Release;
		};
/* End XCBuildConfiguration section */

/* Begin XCConfigurationList section */
		BB9850031E7FB15F00C511A5 /* Build configuration list for PBXProject "DatePickerView" */ = {
			isa = XCConfigurationList;
			buildConfigurations = (
				BB9850181E7FB15F00C511A5 /* Debug */,
				BB9850191E7FB15F00C511A5 /* Release */,
			);
			defaultConfigurationIsVisible = 0;
			defaultConfigurationName = Release;
		};
		BB98501A1E7FB15F00C511A5 /* Build configuration list for PBXNativeTarget "DatePickerView" */ = {
			isa = XCConfigurationList;
			buildConfigurations = (
				BB98501B1E7FB15F00C511A5 /* Debug */,
				BB98501C1E7FB15F00C511A5 /* Release */,
			);
			defaultConfigurationIsVisible = 0;
			defaultConfigurationName = Release;
		};
/* End XCConfigurationList section */
	};
	rootObject = BB9850001E7FB15F00C511A5 /* Project object */;
}
